
Microsoft Visual Studio Solution File, Format Version 12.00
Project("{FAE04EC0-301F-11D3-BF4B-00C04F79EFBC}") = "Guess The Number", "Guess The Number\Guess The Number.csproj", "{AD98CDC1-FEA6-4EB8-9148-253E986E36F4}"
EndProject
Global
	GlobalSection(SolutionConfigurationPlatforms) = preSolution
		Debug|Any CPU = Debug|Any CPU
		Release|Any CPU = Release|Any CPU
	EndGlobalSection
	GlobalSection(ProjectConfigurationPlatforms) = postSolution
		{AD98CDC1-FEA6-4EB8-9148-253E986E36F4}.Debug|Any CPU.ActiveCfg = Debug|Any CPU
		{AD98CDC1-FEA6-4EB8-9148-253E986E36F4}.Debug|Any CPU.Build.0 = Debug|Any CPU
		{AD98CDC1-FEA6-4EB8-9148-253E986E36F4}.Release|Any CPU.ActiveCfg = Release|Any CPU
		{AD98CDC1-FEA6-4EB8-9148-253E986E36F4}.Release|Any CPU.Build.0 = Release|Any CPU
	EndGlobalSection
EndGlobal
